PODS:
  - Keyframes (1.0.0)
  - Squall (2.0)

DEPENDENCIES:
  - Keyframes (from `~/Repos/Keyframes_fork`)
  - Squall (= 2.0)

EXTERNAL SOURCES:
  Keyframes:
    :path: ~/Repos/Keyframes_fork

SPEC CHECKSUMS:
  Keyframes: 2048d8626d14ef726d1c5cffa0fa5c00f3d8f681
  Squall: 49241aee882dc7a5e780f042ec3786e57655b54d

PODFILE CHECKSUM: b7d48a47fb11ce1c61770cff03e1f8076b8fb2d4

COCOAPODS: 1.1.1
