// !$*UTF8*$!
{
	archiveVersion = 1;
	classes = {
	};
	objectVersion = 46;
	objects = {

/* Begin PBXBuildFile section */
		74B2EBDB1E28EB0B008C07F1 /* KFFruitAppearing.json in Resources */ = {isa = PBXBuildFile; fileRef = 74B2EBDA1E28EB0B008C07F1 /* KFFruitAppearing.json */; };
		74CA432A1E0ADD6A008958EB /* KFFruit_1.json in Resources */ = {isa = PBXBuildFile; fileRef = 74CA43231E0ADD6A008958EB /* KFFruit_1.json */; };
		74CA432B1E0ADD6A008958EB /* KFFruit_2.json in Resources */ = {isa = PBXBuildFile; fileRef = 74CA43241E0ADD6A008958EB /* KFFruit_2.json */; };
		74CA432C1E0ADD6A008958EB /* KFFruit_3.json in Resources */ = {isa = PBXBuildFile; fileRef = 74CA43251E0ADD6A008958EB /* KFFruit_3.json */; };
		74CA432D1E0ADD6A008958EB /* KFFruit_4.json in Resources */ = {isa = PBXBuildFile; fileRef = 74CA43261E0ADD6A008958EB /* KFFruit_4.json */; };
		74CA432E1E0ADD6A008958EB /* KFFruit_5.json in Resources */ = {isa = PBXBuildFile; fileRef = 74CA43271E0ADD6A008958EB /* KFFruit_5.json */; };
		74CA432F1E0ADD6A008958EB /* KFFruit_6.json in Resources */ = {isa = PBXBuildFile; fileRef = 74CA43281E0ADD6A008958EB /* KFFruit_6.json */; };
		74CA43301E0ADD6A008958EB /* KFFruit_7.json in Resources */ = {isa = PBXBuildFile; fileRef = 74CA43291E0ADD6A008958EB /* KFFruit_7.json */; };
		74CA43361E0ADDAC008958EB /* KFCloud_1.json in Resources */ = {isa = PBXBuildFile; fileRef = 74CA43321E0ADDAC008958EB /* KFCloud_1.json */; };
		74CA43371E0ADDAC008958EB /* KFCloud_1_2.json in Resources */ = {isa = PBXBuildFile; fileRef = 74CA43331E0ADDAC008958EB /* KFCloud_1_2.json */; };
		74CA43381E0ADDAC008958EB /* KFCloud_2.json in Resources */ = {isa = PBXBuildFile; fileRef = 74CA43341E0ADDAC008958EB /* KFCloud_2.json */; };
		74CA43391E0ADDAC008958EB /* KFCloud_3.json in Resources */ = {isa = PBXBuildFile; fileRef = 74CA43351E0ADDAC008958EB /* KFCloud_3.json */; };
		74CA43431E0BDEA2008958EB /* EAKeyframeView.m in Sources */ = {isa = PBXBuildFile; fileRef = 74CA43421E0BDEA2008958EB /* EAKeyframeView.m */; };
		74D3757E1DE8302A0021D3CC /* main.m in Sources */ = {isa = PBXBuildFile; fileRef = 74D3757D1DE8302A0021D3CC /* main.m */; };
		74D375811DE8302A0021D3CC /* AppDelegate.m in Sources */ = {isa = PBXBuildFile; fileRef = 74D375801DE8302A0021D3CC /* AppDelegate.m */; };
		74D375841DE8302A0021D3CC /* ViewController.m in Sources */ = {isa = PBXBuildFile; fileRef = 74D375831DE8302A0021D3CC /* ViewController.m */; };
		74D375871DE8302A0021D3CC /* Main.storyboard in Resources */ = {isa = PBXBuildFile; fileRef = 74D375851DE8302A0021D3CC /* Main.storyboard */; };
		74D375891DE8302A0021D3CC /* Assets.xcassets in Resources */ = {isa = PBXBuildFile; fileRef = 74D375881DE8302A0021D3CC /* Assets.xcassets */; };
		74D3758C1DE8302A0021D3CC /* LaunchScreen.storyboard in Resources */ = {isa = PBXBuildFile; fileRef = 74D3758A1DE8302A0021D3CC /* LaunchScreen.storyboard */; };
		74D375961DE839F60021D3CC /* Tree.sqa in Resources */ = {isa = PBXBuildFile; fileRef = 74D375951DE839F60021D3CC /* Tree.sqa */; };
		74D977601DF570DC00E612FA /* SLLicense.txt in Resources */ = {isa = PBXBuildFile; fileRef = 74D9775F1DF570DC00E612FA /* SLLicense.txt */; };
		F5479F5A9B5E476151C82868 /* Pods_SquallExample.framework in Frameworks */ = {isa = PBXBuildFile; fileRef = D0CB1A22C9CA23E8F0756B48 /* Pods_SquallExample.framework */; };
/* End PBXBuildFile section */

/* Begin PBXFileReference section */
		0B797FCB2E4EB2B8207EE2D1 /* Pods-SquallExample.release.xcconfig */ = {isa = PBXFileReference; includeInIndex = 1; lastKnownFileType = text.xcconfig; name = "Pods-SquallExample.release.xcconfig"; path = "Pods/Target Support Files/Pods-SquallExample/Pods-SquallExample.release.xcconfig"; sourceTree = "<group>"; };
		74B2EBDA1E28EB0B008C07F1 /* KFFruitAppearing.json */ = {isa = PBXFileReference; fileEncoding = 4; lastKnownFileType = text.json; path = KFFruitAppearing.json; sourceTree = "<group>"; };
		74CA43231E0ADD6A008958EB /* KFFruit_1.json */ = {isa = PBXFileReference; fileEncoding = 4; lastKnownFileType = text.json; path = KFFruit_1.json; sourceTree = "<group>"; };
		74CA43241E0ADD6A008958EB /* KFFruit_2.json */ = {isa = PBXFileReference; fileEncoding = 4; lastKnownFileType = text.json; path = KFFruit_2.json; sourceTree = "<group>"; };
		74CA43251E0ADD6A008958EB /* KFFruit_3.json */ = {isa = PBXFileReference; fileEncoding = 4; lastKnownFileType = text.json; path = KFFruit_3.json; sourceTree = "<group>"; };
		74CA43261E0ADD6A008958EB /* KFFruit_4.json */ = {isa = PBXFileReference; fileEncoding = 4; lastKnownFileType = text.json; path = KFFruit_4.json; sourceTree = "<group>"; };
		74CA43271E0ADD6A008958EB /* KFFruit_5.json */ = {isa = PBXFileReference; fileEncoding = 4; lastKnownFileType = text.json; path = KFFruit_5.json; sourceTree = "<group>"; };
		74CA43281E0ADD6A008958EB /* KFFruit_6.json */ = {isa = PBXFileReference; fileEncoding = 4; lastKnownFileType = text.json; path = KFFruit_6.json; sourceTree = "<group>"; };
		74CA43291E0ADD6A008958EB /* KFFruit_7.json */ = {isa = PBXFileReference; fileEncoding = 4; lastKnownFileType = text.json; path = KFFruit_7.json; sourceTree = "<group>"; };
		74CA43321E0ADDAC008958EB /* KFCloud_1.json */ = {isa = PBXFileReference; fileEncoding = 4; lastKnownFileType = text.json; path = KFCloud_1.json; sourceTree = "<group>"; };
		74CA43331E0ADDAC008958EB /* KFCloud_1_2.json */ = {isa = PBXFileReference; fileEncoding = 4; lastKnownFileType = text.json; path = KFCloud_1_2.json; sourceTree = "<group>"; };
		74CA43341E0ADDAC008958EB /* KFCloud_2.json */ = {isa = PBXFileReference; fileEncoding = 4; lastKnownFileType = text.json; path = KFCloud_2.json; sourceTree = "<group>"; };
		74CA43351E0ADDAC008958EB /* KFCloud_3.json */ = {isa = PBXFileReference; fileEncoding = 4; lastKnownFileType = text.json; path = KFCloud_3.json; sourceTree = "<group>"; };
		74CA43411E0BDEA2008958EB /* EAKeyframeView.h */ = {isa = PBXFileReference; fileEncoding = 4; lastKnownFileType = sourcecode.c.h; path = EAKeyframeView.h; sourceTree = "<group>"; };
		74CA43421E0BDEA2008958EB /* EAKeyframeView.m */ = {isa = PBXFileReference; fileEncoding = 4; lastKnownFileType = sourcecode.c.objc; path = EAKeyframeView.m; sourceTree = "<group>"; };
		74D375791DE8302A0021D3CC /* SquallExample.app */ = {isa = PBXFileReference; explicitFileType = wrapper.application; includeInIndex = 0; path = SquallExample.app; sourceTree = BUILT_PRODUCTS_DIR; };
		74D3757D1DE8302A0021D3CC /* main.m */ = {isa = PBXFileReference; lastKnownFileType = sourcecode.c.objc; path = main.m; sourceTree = "<group>"; };
		74D3757F1DE8302A0021D3CC /* AppDelegate.h */ = {isa = PBXFileReference; lastKnownFileType = sourcecode.c.h; path = AppDelegate.h; sourceTree = "<group>"; };
		74D375801DE8302A0021D3CC /* AppDelegate.m */ = {isa = PBXFileReference; lastKnownFileType = sourcecode.c.objc; path = AppDelegate.m; sourceTree = "<group>"; };
		74D375821DE8302A0021D3CC /* ViewController.h */ = {isa = PBXFileReference; lastKnownFileType = sourcecode.c.h; path = ViewController.h; sourceTree = "<group>"; };
		74D375831DE8302A0021D3CC /* ViewController.m */ = {isa = PBXFileReference; lastKnownFileType = sourcecode.c.objc; path = ViewController.m; sourceTree = "<group>"; };
		74D375861DE8302A0021D3CC /* Base */ = {isa = PBXFileReference; lastKnownFileType = file.storyboard; name = Base; path = Base.lproj/Main.storyboard; sourceTree = "<group>"; };
		74D375881DE8302A0021D3CC /* Assets.xcassets */ = {isa = PBXFileReference; lastKnownFileType = folder.assetcatalog; path = Assets.xcassets; sourceTree = "<group>"; };
		74D3758B1DE8302A0021D3CC /* Base */ = {isa = PBXFileReference; lastKnownFileType = file.storyboard; name = Base; path = Base.lproj/LaunchScreen.storyboard; sourceTree = "<group>"; };
		74D3758D1DE8302A0021D3CC /* Info.plist */ = {isa = PBXFileReference; lastKnownFileType = text.plist.xml; path = Info.plist; sourceTree = "<group>"; };
		74D375951DE839F60021D3CC /* Tree.sqa */ = {isa = PBXFileReference; fileEncoding = 4; lastKnownFileType = text; path = Tree.sqa; sourceTree = "<group>"; };
		74D9775F1DF570DC00E612FA /* SLLicense.txt */ = {isa = PBXFileReference; fileEncoding = 4; lastKnownFileType = text; path = SLLicense.txt; sourceTree = SOURCE_ROOT; };
		AECD8FB8F629D917ED81D669 /* Pods-SquallExample.debug.xcconfig */ = {isa = PBXFileReference; includeInIndex = 1; lastKnownFileType = text.xcconfig; name = "Pods-SquallExample.debug.xcconfig"; path = "Pods/Target Support Files/Pods-SquallExample/Pods-SquallExample.debug.xcconfig"; sourceTree = "<group>"; };
		D0CB1A22C9CA23E8F0756B48 /* Pods_SquallExample.framework */ = {isa = PBXFileReference; explicitFileType = wrapper.framework; includeInIndex = 0; path = Pods_SquallExample.framework; sourceTree = BUILT_PRODUCTS_DIR; };
/* End PBXFileReference section */

/* Begin PBXFrameworksBuildPhase section */
		74D375761DE8302A0021D3CC /* Frameworks */ = {
			isa = PBXFrameworksBuildPhase;
			buildActionMask = 2147483647;
			files = (
				F5479F5A9B5E476151C82868 /* Pods_SquallExample.framework in Frameworks */,
			);
			runOnlyForDeploymentPostprocessing = 0;
		};
/* End PBXFrameworksBuildPhase section */

/* Begin PBXGroup section */
		74CA43221E0ADD6A008958EB /* Fruits */ = {
			isa = PBXGroup;
			children = (
				74CA43231E0ADD6A008958EB /* KFFruit_1.json */,
				74CA43241E0ADD6A008958EB /* KFFruit_2.json */,
				74CA43251E0ADD6A008958EB /* KFFruit_3.json */,
				74CA43261E0ADD6A008958EB /* KFFruit_4.json */,
				74CA43271E0ADD6A008958EB /* KFFruit_5.json */,
				74CA43281E0ADD6A008958EB /* KFFruit_6.json */,
				74CA43291E0ADD6A008958EB /* KFFruit_7.json */,
			);
			path = Fruits;
			sourceTree = SOURCE_ROOT;
		};
		74CA43311E0ADDAC008958EB /* Cloud */ = {
			isa = PBXGroup;
			children = (
				74CA43321E0ADDAC008958EB /* KFCloud_1.json */,
				74CA43331E0ADDAC008958EB /* KFCloud_1_2.json */,
				74CA43341E0ADDAC008958EB /* KFCloud_2.json */,
				74CA43351E0ADDAC008958EB /* KFCloud_3.json */,
			);
			path = Cloud;
			sourceTree = SOURCE_ROOT;
		};
		74D375701DE8302A0021D3CC = {
			isa = PBXGroup;
			children = (
				74D3757B1DE8302A0021D3CC /* SquallExample */,
				74D3757A1DE8302A0021D3CC /* Products */,
				F0D296D472945D135F6E6EC6 /* Pods */,
				FEDB5C31B1029B52C14616D4 /* Frameworks */,
			);
			sourceTree = "<group>";
		};
		74D3757A1DE8302A0021D3CC /* Products */ = {
			isa = PBXGroup;
			children = (
				74D375791DE8302A0021D3CC /* SquallExample.app */,
			);
			name = Products;
			sourceTree = "<group>";
		};
		74D3757B1DE8302A0021D3CC /* SquallExample */ = {
			isa = PBXGroup;
			children = (
				74B2EBDA1E28EB0B008C07F1 /* KFFruitAppearing.json */,
				74CA43311E0ADDAC008958EB /* Cloud */,
				74CA43221E0ADD6A008958EB /* Fruits */,
				74D9775F1DF570DC00E612FA /* SLLicense.txt */,
				74D375951DE839F60021D3CC /* Tree.sqa */,
				74D3757F1DE8302A0021D3CC /* AppDelegate.h */,
				74D375801DE8302A0021D3CC /* AppDelegate.m */,
				74D375821DE8302A0021D3CC /* ViewController.h */,
				74D375831DE8302A0021D3CC /* ViewController.m */,
				74CA43411E0BDEA2008958EB /* EAKeyframeView.h */,
				74CA43421E0BDEA2008958EB /* EAKeyframeView.m */,
				74D375851DE8302A0021D3CC /* Main.storyboard */,
				74D375881DE8302A0021D3CC /* Assets.xcassets */,
				74D3758A1DE8302A0021D3CC /* LaunchScreen.storyboard */,
				74D3758D1DE8302A0021D3CC /* Info.plist */,
				74D3757C1DE8302A0021D3CC /* Supporting Files */,
			);
			path = SquallExample;
			sourceTree = "<group>";
		};
		74D3757C1DE8302A0021D3CC /* Supporting Files */ = {
			isa = PBXGroup;
			children = (
				74D3757D1DE8302A0021D3CC /* main.m */,
			);
			name = "Supporting Files";
			sourceTree = "<group>";
		};
		F0D296D472945D135F6E6EC6 /* Pods */ = {
			isa = PBXGroup;
			children = (
				AECD8FB8F629D917ED81D669 /* Pods-SquallExample.debug.xcconfig */,
				0B797FCB2E4EB2B8207EE2D1 /* Pods-SquallExample.release.xcconfig */,
			);
			name = Pods;
			sourceTree = "<group>";
		};
		FEDB5C31B1029B52C14616D4 /* Frameworks */ = {
			isa = PBXGroup;
			children = (
				D0CB1A22C9CA23E8F0756B48 /* Pods_SquallExample.framework */,
			);
			name = Frameworks;
			sourceTree = "<group>";
		};
/* End PBXGroup section */

/* Begin PBXNativeTarget section */
		74D375781DE8302A0021D3CC /* SquallExample */ = {
			isa = PBXNativeTarget;
			buildConfigurationList = 74D375901DE8302A0021D3CC /* Build configuration list for PBXNativeTarget "SquallExample" */;
			buildPhases = (
				001A6F45530B789DEAB30B1C /* [CP] Check Pods Manifest.lock */,
				74D375751DE8302A0021D3CC /* Sources */,
				74D375761DE8302A0021D3CC /* Frameworks */,
				74D375771DE8302A0021D3CC /* Resources */,
				E18E4B24A913FC6FD38C1813 /* [CP] Embed Pods Frameworks */,
				DDFCE4B05C193A8F9D035C19 /* [CP] Copy Pods Resources */,
			);
			buildRules = (
			);
			dependencies = (
			);
			name = SquallExample;
			productName = SquallExample;
			productReference = 74D375791DE8302A0021D3CC /* SquallExample.app */;
			productType = "com.apple.product-type.application";
		};
/* End PBXNativeTarget section */

/* Begin PBXProject section */
		74D375711DE8302A0021D3CC /* Project object */ = {
			isa = PBXProject;
			attributes = {
				LastUpgradeCheck = 0810;
				ORGANIZATIONNAME = "Easy Ten";
				TargetAttributes = {
					74D375781DE8302A0021D3CC = {
						CreatedOnToolsVersion = 8.1;
						DevelopmentTeam = 665H77VZSG;
						ProvisioningStyle = Automatic;
					};
				};
			};
			buildConfigurationList = 74D375741DE8302A0021D3CC /* Build configuration list for PBXProject "SquallExample" */;
			compatibilityVersion = "Xcode 3.2";
			developmentRegion = English;
			hasScannedForEncodings = 0;
			knownRegions = (
				en,
				Base,
			);
			mainGroup = 74D375701DE8302A0021D3CC;
			productRefGroup = 74D3757A1DE8302A0021D3CC /* Products */;
			projectDirPath = "";
			projectRoot = "";
			targets = (
				74D375781DE8302A0021D3CC /* SquallExample */,
			);
		};
/* End PBXProject section */

/* Begin PBXResourcesBuildPhase section */
		74D375771DE8302A0021D3CC /* Resources */ = {
			isa = PBXResourcesBuildPhase;
			buildActionMask = 2147483647;
			files = (
				74D3758C1DE8302A0021D3CC /* LaunchScreen.storyboard in Resources */,
				74CA43391E0ADDAC008958EB /* KFCloud_3.json in Resources */,
				74CA43381E0ADDAC008958EB /* KFCloud_2.json in Resources */,
				74D375891DE8302A0021D3CC /* Assets.xcassets in Resources */,
				74CA432D1E0ADD6A008958EB /* KFFruit_4.json in Resources */,
				74CA432B1E0ADD6A008958EB /* KFFruit_2.json in Resources */,
				74CA43361E0ADDAC008958EB /* KFCloud_1.json in Resources */,
				74B2EBDB1E28EB0B008C07F1 /* KFFruitAppearing.json in Resources */,
				74CA43371E0ADDAC008958EB /* KFCloud_1_2.json in Resources */,
				74CA432C1E0ADD6A008958EB /* KFFruit_3.json in Resources */,
				74CA432E1E0ADD6A008958EB /* KFFruit_5.json in Resources */,
				74D375871DE8302A0021D3CC /* Main.storyboard in Resources */,
				74D977601DF570DC00E612FA /* SLLicense.txt in Resources */,
				74D375961DE839F60021D3CC /* Tree.sqa in Resources */,
				74CA432F1E0ADD6A008958EB /* KFFruit_6.json in Resources */,
				74CA432A1E0ADD6A008958EB /* KFFruit_1.json in Resources */,
				74CA43301E0ADD6A008958EB /* KFFruit_7.json in Resources */,
			);
			runOnlyForDeploymentPostprocessing = 0;
		};
/* End PBXResourcesBuildPhase section */

/* Begin PBXShellScriptBuildPhase section */
		001A6F45530B789DEAB30B1C /* [CP] Check Pods Manifest.lock */ = {
			isa = PBXShellScriptBuildPhase;
			buildActionMask = 2147483647;
			files = (
			);
			inputPaths = (
			);
			name = "[CP] Check Pods Manifest.lock";
			outputPaths = (
			);
			runOnlyForDeploymentPostprocessing = 0;
			shellPath = /bin/sh;
			shellScript = "diff \"${PODS_ROOT}/../Podfile.lock\" \"${PODS_ROOT}/Manifest.lock\" > /dev/null\nif [ $? != 0 ] ; then\n    # print error to STDERR\n    echo \"error: The sandbox is not in sync with the Podfile.lock. Run 'pod install' or update your CocoaPods installation.\" >&2\n    exit 1\nfi\n";
			showEnvVarsInLog = 0;
		};
		DDFCE4B05C193A8F9D035C19 /* [CP] Copy Pods Resources */ = {
			isa = PBXShellScriptBuildPhase;
			buildActionMask = 2147483647;
			files = (
			);
			inputPaths = (
			);
			name = "[CP] Copy Pods Resources";
			outputPaths = (
			);
			runOnlyForDeploymentPostprocessing = 0;
			shellPath = /bin/sh;
			shellScript = "\"${SRCROOT}/Pods/Target Support Files/Pods-SquallExample/Pods-SquallExample-resources.sh\"\n";
			showEnvVarsInLog = 0;
		};
		E18E4B24A913FC6FD38C1813 /* [CP] Embed Pods Frameworks */ = {
			isa = PBXShellScriptBuildPhase;
			buildActionMask = 2147483647;
			files = (
			);
			inputPaths = (
			);
			name = "[CP] Embed Pods Frameworks";
			outputPaths = (
			);
			runOnlyForDeploymentPostprocessing = 0;
			shellPath = /bin/sh;
			shellScript = "\"${SRCROOT}/Pods/Target Support Files/Pods-SquallExample/Pods-SquallExample-frameworks.sh\"\n";
			showEnvVarsInLog = 0;
		};
/* End PBXShellScriptBuildPhase section */

/* Begin PBXSourcesBuildPhase section */
		74D375751DE8302A0021D3CC /* Sources */ = {
			isa = PBXSourcesBuildPhase;
			buildActionMask = 2147483647;
			files = (
				74CA43431E0BDEA2008958EB /* EAKeyframeView.m in Sources */,
				74D375841DE8302A0021D3CC /* ViewController.m in Sources */,
				74D375811DE8302A0021D3CC /* AppDelegate.m in Sources */,
				74D3757E1DE8302A0021D3CC /* main.m in Sources */,
			);
			runOnlyForDeploymentPostprocessing = 0;
		};
/* End PBXSourcesBuildPhase section */

/* Begin PBXVariantGroup section */
		74D375851DE8302A0021D3CC /* Main.storyboard */ = {
			isa = PBXVariantGroup;
			children = (
				74D375861DE8302A0021D3CC /* Base */,
			);
			name = Main.storyboard;
			sourceTree = "<group>";
		};
		74D3758A1DE8302A0021D3CC /* LaunchScreen.storyboard */ = {
			isa = PBXVariantGroup;
			children = (
				74D3758B1DE8302A0021D3CC /* Base */,
			);
			name = LaunchScreen.storyboard;
			sourceTree = "<group>";
		};
/* End PBXVariantGroup section */

/* Begin XCBuildConfiguration section */
		74D3758E1DE8302A0021D3CC /* Debug */ = {
			isa = XCBuildConfiguration;
			buildSettings = {
				ALWAYS_SEARCH_USER_PATHS = NO;
				CLANG_ANALYZER_NONNULL = YES;
				CLANG_CXX_LANGUAGE_STANDARD = "gnu++0x";
				CLANG_CXX_LIBRARY = "libc++";
				CLANG_ENABLE_MODULES = YES;
				CLANG_ENABLE_OBJC_ARC = YES;
				CLANG_WARN_BOOL_CONVERSION = YES;
				CLANG_WARN_CONSTANT_CONVERSION = YES;
				CLANG_WARN_DIRECT_OBJC_ISA_USAGE = YES_ERROR;
				CLANG_WARN_DOCUMENTATION_COMMENTS = YES;
				CLANG_WARN_EMPTY_BODY = YES;
				CLANG_WARN_ENUM_CONVERSION = YES;
				CLANG_WARN_INFINITE_RECURSION = YES;
				CLANG_WARN_INT_CONVERSION = YES;
				CLANG_WARN_OBJC_ROOT_CLASS = YES_ERROR;
				CLANG_WARN_SUSPICIOUS_MOVES = YES;
				CLANG_WARN_UNREACHABLE_CODE = YES;
				CLANG_WARN__DUPLICATE_METHOD_MATCH = YES;
				"CODE_SIGN_IDENTITY[sdk=iphoneos*]" = "iPhone Developer";
				COPY_PHASE_STRIP = NO;
				DEBUG_INFORMATION_FORMAT = dwarf;
				ENABLE_STRICT_OBJC_MSGSEND = YES;
				ENABLE_TESTABILITY = YES;
				GCC_C_LANGUAGE_STANDARD = gnu99;
				GCC_DYNAMIC_NO_PIC = NO;
				GCC_NO_COMMON_BLOCKS = YES;
				GCC_OPTIMIZATION_LEVEL = 0;
				GCC_PREPROCESSOR_DEFINITIONS = (
					"DEBUG=1",
					"$(inherited)",
				);
				GCC_WARN_64_TO_32_BIT_CONVERSION = YES;
				GCC_WARN_ABOUT_RETURN_TYPE = YES_ERROR;
				GCC_WARN_UNDECLARED_SELECTOR = YES;
				GCC_WARN_UNINITIALIZED_AUTOS = YES_AGGRESSIVE;
				GCC_WARN_UNUSED_FUNCTION = YES;
				GCC_WARN_UNUSED_VARIABLE = YES;
				IPHONEOS_DEPLOYMENT_TARGET = 10.1;
				MTL_ENABLE_DEBUG_INFO = YES;
				ONLY_ACTIVE_ARCH = YES;
				SDKROOT = iphoneos;
			};
			name = Debug;
		};
		74D3758F1DE8302A0021D3CC /* Release */ = {
			isa = XCBuildConfiguration;
			buildSettings = {
				ALWAYS_SEARCH_USER_PATHS = NO;
				CLANG_ANALYZER_NONNULL = YES;
				CLANG_CXX_LANGUAGE_STANDARD = "gnu++0x";
				CLANG_CXX_LIBRARY = "libc++";
				CLANG_ENABLE_MODULES = YES;
				CLANG_ENABLE_OBJC_ARC = YES;
				CLANG_WARN_BOOL_CONVERSION = YES;
				CLANG_WARN_CONSTANT_CONVERSION = YES;
				CLANG_WARN_DIRECT_OBJC_ISA_USAGE = YES_ERROR;
				CLANG_WARN_DOCUMENTATION_COMMENTS = YES;
				CLANG_WARN_EMPTY_BODY = YES;
				CLANG_WARN_ENUM_CONVERSION = YES;
				CLANG_WARN_INFINITE_RECURSION = YES;
				CLANG_WARN_INT_CONVERSION = YES;
				CLANG_WARN_OBJC_ROOT_CLASS = YES_ERROR;
				CLANG_WARN_SUSPICIOUS_MOVES = YES;
				CLANG_WARN_UNREACHABLE_CODE = YES;
				CLANG_WARN__DUPLICATE_METHOD_MATCH = YES;
				"CODE_SIGN_IDENTITY[sdk=iphoneos*]" = "iPhone Developer";
				COPY_PHASE_STRIP = NO;
				DEBUG_INFORMATION_FORMAT = "dwarf-with-dsym";
				ENABLE_NS_ASSERTIONS = NO;
				ENABLE_STRICT_OBJC_MSGSEND = YES;
				GCC_C_LANGUAGE_STANDARD = gnu99;
				GCC_NO_COMMON_BLOCKS = YES;
				GCC_WARN_64_TO_32_BIT_CONVERSION = YES;
				GCC_WARN_ABOUT_RETURN_TYPE = YES_ERROR;
				GCC_WARN_UNDECLARED_SELECTOR = YES;
				GCC_WARN_UNINITIALIZED_AUTOS = YES_AGGRESSIVE;
				GCC_WARN_UNUSED_FUNCTION = YES;
				GCC_WARN_UNUSED_VARIABLE = YES;
				IPHONEOS_DEPLOYMENT_TARGET = 10.1;
				MTL_ENABLE_DEBUG_INFO = NO;
				SDKROOT = iphoneos;
				VALIDATE_PRODUCT = YES;
			};
			name = Release;
		};
		74D375911DE8302A0021D3CC /* Debug */ = {
			isa = XCBuildConfiguration;
			baseConfigurationReference = AECD8FB8F629D917ED81D669 /* Pods-SquallExample.debug.xcconfig */;
			buildSettings = {
				ASSETCATALOG_COMPILER_APPICON_NAME = AppIcon;
				DEVELOPMENT_TEAM = 665H77VZSG;
				INFOPLIST_FILE = SquallExample/Info.plist;
				IPHONEOS_DEPLOYMENT_TARGET = 9.0;
				LD_RUNPATH_SEARCH_PATHS = "$(inherited) @executable_path/Frameworks";
				PRODUCT_BUNDLE_IDENTIFIER = ET.SquallExample;
				PRODUCT_NAME = "$(TARGET_NAME)";
			};
			name = Debug;
		};
		74D375921DE8302A0021D3CC /* Release */ = {
			isa = XCBuildConfiguration;
			baseConfigurationReference = 0B797FCB2E4EB2B8207EE2D1 /* Pods-SquallExample.release.xcconfig */;
			buildSettings = {
				ASSETCATALOG_COMPILER_APPICON_NAME = AppIcon;
				DEVELOPMENT_TEAM = 665H77VZSG;
				INFOPLIST_FILE = SquallExample/Info.plist;
				IPHONEOS_DEPLOYMENT_TARGET = 9.0;
				LD_RUNPATH_SEARCH_PATHS = "$(inherited) @executable_path/Frameworks";
				PRODUCT_BUNDLE_IDENTIFIER = ET.SquallExample;
				PRODUCT_NAME = "$(TARGET_NAME)";
			};
			name = Release;
		};
/* End XCBuildConfiguration section */

/* Begin XCConfigurationList section */
		74D375741DE8302A0021D3CC /* Build configuration list for PBXProject "SquallExample" */ = {
			isa = XCConfigurationList;
			buildConfigurations = (
				74D3758E1DE8302A0021D3CC /* Debug */,
				74D3758F1DE8302A0021D3CC /* Release */,
			);
			defaultConfigurationIsVisible = 0;
			defaultConfigurationName = Release;
		};
		74D375901DE8302A0021D3CC /* Build configuration list for PBXNativeTarget "SquallExample" */ = {
			isa = XCConfigurationList;
			buildConfigurations = (
				74D375911DE8302A0021D3CC /* Debug */,
				74D375921DE8302A0021D3CC /* Release */,
			);
			defaultConfigurationIsVisible = 0;
			defaultConfigurationName = Release;
		};
/* End XCConfigurationList section */
	};
	rootObject = 74D375711DE8302A0021D3CC /* Project object */;
}
